{
    "_readme": [
        "This file locks the dependencies of your project to a known state",
        "Read more about it at http://getcomposer.org/doc/01-basic-usage.md#composer-lock-the-lock-file"
    ],
    "hash": "8639f049469ca9a2cbea3b608502d944",
    "packages": [
        {
            "name": "guzzle/parser",
            "version": "v3.8.1",
            "target-dir": "Guzzle/Parser",
            "source": {
                "type": "git",
                "url": "https://github.com/guzzle/parser.git",
                "reference": "3f52387052f2e4ef083145a0f73c3654aa14e086"
            },
            "dist": {
                "type": "zip",
                "url": "https://api.github.com/repos/guzzle/parser/zipball/3f52387052f2e4ef083145a0f73c3654aa14e086",
                "reference": "3f52387052f2e4ef083145a0f73c3654aa14e086",
                "shasum": ""
            },
            "require": {
                "php": ">=5.3.2"
            },
            "type": "library",
            "extra": {
                "branch-alias": {
                    "dev-master": "3.7-dev"
                }
            },
            "autoload": {
                "psr-0": {
                    "Guzzle\\Parser": ""
                }
            },
            "notification-url": "https://packagist.org/downloads/",
            "license": [
                "MIT"
            ],
            "description": "Interchangeable parsers used by Guzzle",
            "homepage": "http://guzzlephp.org/",
            "keywords": [
                "URI Template",
                "cookie",
                "http",
                "message",
                "url"
            ],
            "time": "2013-10-24 00:04:09"
        },
        {
            "name": "stage1/docker-php",
            "version": "dev-master",
            "source": {
                "type": "git",
                "url": "https://github.com/stage1/docker-php.git",
                "reference": "d75003ed3bbfba9ed1aa2398b56bbc70e76ea5ed"
            },
            "dist": {
                "type": "zip",
                "url": "https://api.github.com/repos/stage1/docker-php/zipball/d75003ed3bbfba9ed1aa2398b56bbc70e76ea5ed",
                "reference": "d75003ed3bbfba9ed1aa2398b56bbc70e76ea5ed",
                "shasum": ""
            },
            "require": {
                "guzzle/parser": "~3.8",
                "php": ">=5.4",
                "symfony/filesystem": "~2.3",
                "symfony/process": "~2.3"
            },
            "require-dev": {
                "phpunit/phpunit": "~3.7"
            },
            "type": "library",
            "autoload": {
                "psr-0": {
                    "": "src/"
                }
            },
            "notification-url": "https://packagist.org/downloads/",
            "license": [
                "MIT"
            ],
            "description": "A Docker PHP client",
            "time": "2014-03-05 18:04:46"
        },
        {
            "name": "symfony/filesystem",
            "version": "v2.4.2",
            "target-dir": "Symfony/Component/Filesystem",
            "source": {
                "type": "git",
                "url": "https://github.com/symfony/Filesystem.git",
                "reference": "7e65abb06d3b38f4be89266fe3fb4a759544e713"
            },
            "dist": {
                "type": "zip",
                "url": "https://api.github.com/repos/symfony/Filesystem/zipball/7e65abb06d3b38f4be89266fe3fb4a759544e713",
                "reference": "7e65abb06d3b38f4be89266fe3fb4a759544e713",
                "shasum": ""
            },
            "require": {
                "php": ">=5.3.3"
            },
            "type": "library",
            "extra": {
                "branch-alias": {
                    "dev-master": "2.4-dev"
                }
            },
            "autoload": {
                "psr-0": {
                    "Symfony\\Component\\Filesystem\\": ""
                }
            },
            "notification-url": "https://packagist.org/downloads/",
            "license": [
                "MIT"
            ],
            "authors": [
                {
                    "name": "Fabien Potencier",
                    "email": "fabien@symfony.com",
                    "homepage": "http://fabien.potencier.org",
                    "role": "Lead Developer"
                },
                {
                    "name": "Symfony Community",
                    "homepage": "http://symfony.com/contributors"
                }
            ],
            "description": "Symfony Filesystem Component",
            "homepage": "http://symfony.com",
            "time": "2014-01-07 13:28:54"
        },
        {
            "name": "symfony/process",
            "version": "v2.4.2",
            "target-dir": "Symfony/Component/Process",
            "source": {
                "type": "git",
                "url": "https://github.com/symfony/Process.git",
                "reference": "c175448bac997556f8ab972908a4e14c7291fb03"
            },
            "dist": {
                "type": "zip",
                "url": "https://api.github.com/repos/symfony/Process/zipball/c175448bac997556f8ab972908a4e14c7291fb03",
                "reference": "c175448bac997556f8ab972908a4e14c7291fb03",
                "shasum": ""
            },
            "require": {
                "php": ">=5.3.3"
            },
            "type": "library",
            "extra": {
                "branch-alias": {
                    "dev-master": "2.4-dev"
                }
            },
            "autoload": {
                "psr-0": {
                    "Symfony\\Component\\Process\\": ""
                }
            },
            "notification-url": "https://packagist.org/downloads/",
            "license": [
                "MIT"
            ],
            "authors": [
                {
                    "name": "Fabien Potencier",
                    "email": "fabien@symfony.com",
                    "homepage": "http://fabien.potencier.org",
                    "role": "Lead Developer"
                },
                {
                    "name": "Symfony Community",
                    "homepage": "http://symfony.com/contributors"
                }
            ],
            "description": "Symfony Process Component",
            "homepage": "http://symfony.com",
            "time": "2014-02-11 13:52:09"
        },
        {
            "name": "zendframework/zend-cache",
            "version": "2.3.0",
            "target-dir": "Zend/Cache",
            "source": {
                "type": "git",
                "url": "https://github.com/zendframework/Component_ZendCache.git",
                "reference": "00ab70f3bcbc9d9d2a925a1221410de8a941f3e8"
            },
            "dist": {
                "type": "zip",
                "url": "https://api.github.com/repos/zendframework/Component_ZendCache/zipball/00ab70f3bcbc9d9d2a925a1221410de8a941f3e8",
                "reference": "00ab70f3bcbc9d9d2a925a1221410de8a941f3e8",
                "shasum": ""
            },
            "require": {
                "php": ">=5.3.23",
                "zendframework/zend-eventmanager": "self.version",
                "zendframework/zend-servicemanager": "self.version",
                "zendframework/zend-stdlib": "self.version"
            },
            "require-dev": {
                "zendframework/zend-serializer": "self.version",
                "zendframework/zend-session": "self.version"
            },
            "suggest": {
                "ext-apc": "APC >= 3.1.6 to use the APC storage adapter",
                "ext-dba": "DBA, to use the DBA storage adapter",
                "ext-memcached": "Memcached >= 1.0.0 to use the Memcached storage adapter",
                "ext-wincache": "WinCache, to use the WinCache storage adapter",
                "zendframework/zend-serializer": "Zend\\Serializer component",
                "zendframework/zend-session": "Zend\\Session component"
            },
            "type": "library",
            "extra": {
                "branch-alias": {
                    "dev-master": "2.2-dev",
                    "dev-develop": "2.3-dev"
                }
            },
            "autoload": {
                "psr-0": {
                    "Zend\\Cache\\": ""
                }
            },
            "notification-url": "https://packagist.org/downloads/",
            "license": [
                "BSD-3-Clause"
            ],
            "description": "provides a generic way to cache any data",
            "keywords": [
                "cache",
                "zf2"
            ],
            "time": "2014-03-14 16:20:37"
        },
        {
            "name": "zendframework/zend-eventmanager",
            "version": "2.3.0",
            "target-dir": "Zend/EventManager",
            "source": {
                "type": "git",
                "url": "https://github.com/zendframework/Component_ZendEventManager.git",
                "reference": "048164ee81854942667ffdda3030ce06caa79bb5"
            },
            "dist": {
                "type": "zip",
                "url": "https://api.github.com/repos/zendframework/Component_ZendEventManager/zipball/048164ee81854942667ffdda3030ce06caa79bb5",
                "reference": "048164ee81854942667ffdda3030ce06caa79bb5",
                "shasum": ""
            },
            "require": {
                "php": ">=5.3.23",
                "zendframework/zend-stdlib": "self.version"
            },
            "type": "library",
            "extra": {
                "branch-alias": {
                    "dev-master": "2.2-dev",
                    "dev-develop": "2.3-dev"
                }
            },
            "autoload": {
                "psr-0": {
                    "Zend\\EventManager\\": ""
                }
            },
            "notification-url": "https://packagist.org/downloads/",
            "license": [
                "BSD-3-Clause"
            ],
            "keywords": [
                "eventmanager",
                "zf2"
            ],
            "time": "2014-03-14 16:21:05"
        },
        {
            "name": "zendframework/zend-json",
            "version": "2.3.0",
            "target-dir": "Zend/Json",
            "source": {
                "type": "git",
                "url": "https://github.com/zendframework/Component_ZendJson.git",
                "reference": "eedf099fb5cfc0a5735ee4e3a2fbed9fadedca6e"
            },
            "dist": {
                "type": "zip",
                "url": "https://api.github.com/repos/zendframework/Component_ZendJson/zipball/eedf099fb5cfc0a5735ee4e3a2fbed9fadedca6e",
                "reference": "eedf099fb5cfc0a5735ee4e3a2fbed9fadedca6e",
                "shasum": ""
            },
            "require": {
                "php": ">=5.3.23",
                "zendframework/zend-stdlib": "self.version"
            },
            "require-dev": {
                "zendframework/zend-http": "self.version",
                "zendframework/zend-server": "self.version"
            },
            "suggest": {
                "zendframework/zend-http": "Zend\\Http component",
                "zendframework/zend-server": "Zend\\Server component"
            },
            "type": "library",
            "extra": {
                "branch-alias": {
                    "dev-master": "2.2-dev",
                    "dev-develop": "2.3-dev"
                }
            },
            "autoload": {
                "psr-0": {
                    "Zend\\Json\\": ""
                }
            },
            "notification-url": "https://packagist.org/downloads/",
            "license": [
                "BSD-3-Clause"
            ],
            "description": "provides convenience methods for serializing native PHP to JSON and decoding JSON to native PHP",
            "keywords": [
                "json",
                "zf2"
            ],
            "time": "2014-03-12 17:04:14"
        },
        {
            "name": "zendframework/zend-log",
            "version": "2.3.0",
            "target-dir": "Zend/Log",
            "source": {
                "type": "git",
                "url": "https://github.com/zendframework/Component_ZendLog.git",
                "reference": "a7fe7d3a171d9d60397452eb80a93a1f450e409a"
            },
            "dist": {
                "type": "zip",
                "url": "https://api.github.com/repos/zendframework/Component_ZendLog/zipball/a7fe7d3a171d9d60397452eb80a93a1f450e409a",
                "reference": "a7fe7d3a171d9d60397452eb80a93a1f450e409a",
                "shasum": ""
            },
            "require": {
                "php": ">=5.3.23",
                "zendframework/zend-servicemanager": "self.version",
                "zendframework/zend-stdlib": "self.version"
            },
            "require-dev": {
                "zendframework/zend-console": "self.version",
                "zendframework/zend-db": "self.version",
                "zendframework/zend-escaper": "self.version",
                "zendframework/zend-mail": "self.version",
                "zendframework/zend-validator": "self.version"
            },
            "suggest": {
                "ext-mongo": "*",
                "zendframework/zend-console": "Zend\\Console component",
                "zendframework/zend-db": "Zend\\Db component",
                "zendframework/zend-escaper": "Zend\\Escaper component, for use in the XML formatter",
                "zendframework/zend-mail": "Zend\\Mail component",
                "zendframework/zend-validator": "Zend\\Validator component"
            },
            "type": "library",
            "extra": {
                "branch-alias": {
                    "dev-master": "2.2-dev",
                    "dev-develop": "2.3-dev"
                }
            },
            "autoload": {
                "psr-0": {
                    "Zend\\Log\\": ""
                }
            },
            "notification-url": "https://packagist.org/downloads/",
            "license": [
                "BSD-3-Clause"
            ],
            "description": "component for general purpose logging",
            "keywords": [
                "log",
                "logging",
                "zf2"
            ],
            "time": "2014-03-14 16:21:36"
        },
        {
            "name": "zendframework/zend-math",
            "version": "2.3.0",
            "target-dir": "Zend/Math",
            "source": {
                "type": "git",
                "url": "https://github.com/zendframework/Component_ZendMath.git",
                "reference": "156c107436b43c9bc8679adf6b7af08cf6bd10ce"
            },
            "dist": {
                "type": "zip",
                "url": "https://api.github.com/repos/zendframework/Component_ZendMath/zipball/156c107436b43c9bc8679adf6b7af08cf6bd10ce",
                "reference": "156c107436b43c9bc8679adf6b7af08cf6bd10ce",
                "shasum": ""
            },
            "require": {
                "php": ">=5.3.23"
            },
            "suggest": {
                "ext-bcmath": "If using the bcmath functionality",
                "ext-gmp": "If using the gmp functionality",
                "ircmaxell/random-lib": "Fallback random byte generator for Zend\\Math\\Rand if OpenSSL/Mcrypt extensions are unavailable",
                "zendframework/zend-servicemanager": ">= current version, if using the BigInteger::factory functionality"
            },
            "type": "library",
            "extra": {
                "branch-alias": {
                    "dev-master": "2.2-dev",
                    "dev-develop": "2.3-dev"
                }
            },
            "autoload": {
                "psr-0": {
                    "Zend\\Math\\": ""
                }
            },
            "notification-url": "https://packagist.org/downloads/",
            "license": [
                "BSD-3-Clause"
            ],
            "keywords": [
                "math",
                "zf2"
            ],
            "time": "2014-03-14 16:21:41"
        },
        {
            "name": "zendframework/zend-serializer",
            "version": "2.3.0",
            "target-dir": "Zend/Serializer",
            "source": {
                "type": "git",
                "url": "https://github.com/zendframework/Component_ZendSerializer.git",
                "reference": "e858221feb705396b47b60123661df3e9fb9e1d4"
            },
            "dist": {
                "type": "zip",
                "url": "https://api.github.com/repos/zendframework/Component_ZendSerializer/zipball/e858221feb705396b47b60123661df3e9fb9e1d4",
                "reference": "e858221feb705396b47b60123661df3e9fb9e1d4",
                "shasum": ""
            },
            "require": {
                "php": ">=5.3.23",
                "zendframework/zend-json": "self.version",
                "zendframework/zend-math": "self.version",
                "zendframework/zend-stdlib": "self.version"
            },
            "require-dev": {
                "zendframework/zend-servicemanager": "self.version"
            },
            "suggest": {
                "zendframework/zend-servicemanager": "To support plugin manager support"
            },
            "type": "library",
            "extra": {
                "branch-alias": {
                    "dev-master": "2.2-dev",
                    "dev-develop": "2.3-dev"
                }
            },
            "autoload": {
                "psr-0": {
                    "Zend\\Serializer\\": ""
                }
            },
            "notification-url": "https://packagist.org/downloads/",
            "license": [
                "BSD-3-Clause"
            ],
            "description": "provides an adapter based interface to simply generate storable representation of PHP types by different facilities, and recover",
            "keywords": [
                "serializer",
                "zf2"
            ],
            "time": "2014-03-14 16:22:09"
        },
        {
            "name": "zendframework/zend-servicemanager",
            "version": "2.3.0",
            "target-dir": "Zend/ServiceManager",
            "source": {
                "type": "git",
                "url": "https://github.com/zendframework/Component_ZendServiceManager.git",
                "reference": "310187f89fe830ed4484499f78338631f29d25c7"
            },
            "dist": {
                "type": "zip",
                "url": "https://api.github.com/repos/zendframework/Component_ZendServiceManager/zipball/310187f89fe830ed4484499f78338631f29d25c7",
                "reference": "310187f89fe830ed4484499f78338631f29d25c7",
                "shasum": ""
            },
            "require": {
                "php": ">=5.3.23"
            },
            "require-dev": {
                "zendframework/zend-di": "self.version"
            },
            "suggest": {
                "zendframework/zend-di": "Zend\\Di component"
            },
            "type": "library",
            "extra": {
                "branch-alias": {
                    "dev-master": "2.2-dev",
                    "dev-develop": "2.3-dev"
                }
            },
            "autoload": {
                "psr-0": {
                    "Zend\\ServiceManager\\": ""
                }
            },
            "notification-url": "https://packagist.org/downloads/",
            "license": [
                "BSD-3-Clause"
            ],
            "keywords": [
                "servicemanager",
                "zf2"
            ],
            "time": "2014-03-14 16:22:14"
        },
        {
            "name": "zendframework/zend-stdlib",
            "version": "2.3.0",
            "target-dir": "Zend/Stdlib",
            "source": {
                "type": "git",
                "url": "https://github.com/zendframework/Component_ZendStdlib.git",
                "reference": "d1c481b8a43f2f079b16d3567960ba539e9dacaa"
            },
            "dist": {
                "type": "zip",
                "url": "https://api.github.com/repos/zendframework/Component_ZendStdlib/zipball/d1c481b8a43f2f079b16d3567960ba539e9dacaa",
                "reference": "d1c481b8a43f2f079b16d3567960ba539e9dacaa",
                "shasum": ""
            },
            "require": {
                "php": ">=5.3.23"
            },
            "require-dev": {
                "zendframework/zend-eventmanager": "self.version",
                "zendframework/zend-serializer": "self.version",
                "zendframework/zend-servicemanager": "self.version"
            },
            "suggest": {
                "zendframework/zend-eventmanager": "To support aggregate hydrator usage",
                "zendframework/zend-serializer": "Zend\\Serializer component",
                "zendframework/zend-servicemanager": "To support hydrator plugin manager usage"
            },
            "type": "library",
            "extra": {
                "branch-alias": {
                    "dev-master": "2.2-dev",
                    "dev-develop": "2.3-dev"
                }
            },
            "autoload": {
                "psr-0": {
                    "Zend\\Stdlib\\": ""
                }
            },
            "notification-url": "https://packagist.org/downloads/",
            "license": [
                "BSD-3-Clause"
            ],
            "keywords": [
                "stdlib",
                "zf2"
            ],
            "time": "2014-03-14 16:22:22"
        }
    ],
    "packages-dev": [

    ],
    "aliases": [

    ],
    "minimum-stability": "stable",
    "stability-flags": {
        "stage1/docker-php": 20
    },
    "platform": [

    ],
    "platform-dev": [

    ]
}
